{
  "originHash" : "f492b064c95ade24ff609e83ffbba81e423365eb7dac45290d0873f8dbf73edf",
  "pins" : [
    {
      "identity" : "swift-cwinrt",
      "kind" : "remoteSourceControl",
      "location" : "https://github.com/mutle/swift-cwinrt",
      "state" : {
        "revision" : "a5988c9ec83d9ae1f1a4cd83051127f625ff60f7"
      }
    },
    {
      "identity" : "swift-windowsfoundation",
      "kind" : "remoteSourceControl",
      "location" : "https://github.com/mutle/swift-windowsfoundation",
      "state" : {
        "revision" : "a112318dc42f2031b18a7a2db5d03fc46f452449"
      }
    }
  ],
  "version" : 3
}
